
Microsoft Visual Studio Solution File, Format Version 12.00
# Visual Studio Version 16
VisualStudioVersion = 16.0.30621.155
MinimumVisualStudioVersion = 15.0.26124.0
Project("{2150E333-8FDC-42A3-9474-1A3956D46DE8}") = "domain", "domain", "{1208F8DE-1BC7-4F46-8097-0552AA76C3C0}"
EndProject
Project("{9A19103F-16F7-4668-BE54-9A1E7A4F7556}") = "UCar", "domain\UCar\UCar.csproj", "{61C196D1-EDE3-46FD-9F0A-5C6E0C08E55A}"
EndProject
Project("{2150E333-8FDC-42A3-9474-1A3956D46DE8}") = "Infrastructure", "Infrastructure", "{891E5F5E-17A0-4948-AA9D-8B24B55E11AB}"
EndProject
Project("{FAE04EC0-301F-11D3-BF4B-00C04F79EFBC}") = "UCar.Memory", "Infrastructure\UCar.Memory\UCar.Memory.csproj", "{A0C28FED-4C75-44D6-8861-8D1A8F0C2773}"
EndProject
Project("{2150E333-8FDC-42A3-9474-1A3956D46DE8}") = "Presentation", "Presentation", "{5B7D9F0E-B0D1-4158-A188-7D4C86504094}"
EndProject
Project("{FAE04EC0-301F-11D3-BF4B-00C04F79EFBC}") = "UCar.Web", "Presentation\UCar.Web\UCar.Web.csproj", "{9D1B4B61-9F39-4E58-AE35-F69A5DB2FE2D}"
EndProject
Global
	GlobalSection(SolutionConfigurationPlatforms) = preSolution
		Debug|Any CPU = Debug|Any CPU
		Debug|x64 = Debug|x64
		Debug|x86 = Debug|x86
		Release|Any CPU = Release|Any CPU
		Release|x64 = Release|x64
		Release|x86 = Release|x86
	EndGlobalSection
	GlobalSection(ProjectConfigurationPlatforms) = postSolution
		{61C196D1-EDE3-46FD-9F0A-5C6E0C08E55A}.Debug|Any CPU.ActiveCfg = Debug|Any CPU
		{61C196D1-EDE3-46FD-9F0A-5C6E0C08E55A}.Debug|Any CPU.Build.0 = Debug|Any CPU
		{61C196D1-EDE3-46FD-9F0A-5C6E0C08E55A}.Debug|x64.ActiveCfg = Debug|Any CPU
		{61C196D1-EDE3-46FD-9F0A-5C6E0C08E55A}.Debug|x64.Build.0 = Debug|Any CPU
		{61C196D1-EDE3-46FD-9F0A-5C6E0C08E55A}.Debug|x86.ActiveCfg = Debug|Any CPU
		{61C196D1-EDE3-46FD-9F0A-5C6E0C08E55A}.Debug|x86.Build.0 = Debug|Any CPU
		{61C196D1-EDE3-46FD-9F0A-5C6E0C08E55A}.Release|Any CPU.ActiveCfg = Release|Any CPU
		{61C196D1-EDE3-46FD-9F0A-5C6E0C08E55A}.Release|Any CPU.Build.0 = Release|Any CPU
		{61C196D1-EDE3-46FD-9F0A-5C6E0C08E55A}.Release|x64.ActiveCfg = Release|Any CPU
		{61C196D1-EDE3-46FD-9F0A-5C6E0C08E55A}.Release|x64.Build.0 = Release|Any CPU
		{61C196D1-EDE3-46FD-9F0A-5C6E0C08E55A}.Release|x86.ActiveCfg = Release|Any CPU
		{61C196D1-EDE3-46FD-9F0A-5C6E0C08E55A}.Release|x86.Build.0 = Release|Any CPU
		{A0C28FED-4C75-44D6-8861-8D1A8F0C2773}.Debug|Any CPU.ActiveCfg = Debug|Any CPU
		{A0C28FED-4C75-44D6-8861-8D1A8F0C2773}.Debug|Any CPU.Build.0 = Debug|Any CPU
		{A0C28FED-4C75-44D6-8861-8D1A8F0C2773}.Debug|x64.ActiveCfg = Debug|Any CPU
		{A0C28FED-4C75-44D6-8861-8D1A8F0C2773}.Debug|x64.Build.0 = Debug|Any CPU
		{A0C28FED-4C75-44D6-8861-8D1A8F0C2773}.Debug|x86.ActiveCfg = Debug|Any CPU
		{A0C28FED-4C75-44D6-8861-8D1A8F0C2773}.Debug|x86.Build.0 = Debug|Any CPU
		{A0C28FED-4C75-44D6-8861-8D1A8F0C2773}.Release|Any CPU.ActiveCfg = Release|Any CPU
		{A0C28FED-4C75-44D6-8861-8D1A8F0C2773}.Release|Any CPU.Build.0 = Release|Any CPU
		{A0C28FED-4C75-44D6-8861-8D1A8F0C2773}.Release|x64.ActiveCfg = Release|Any CPU
		{A0C28FED-4C75-44D6-8861-8D1A8F0C2773}.Release|x64.Build.0 = Release|Any CPU
		{A0C28FED-4C75-44D6-8861-8D1A8F0C2773}.Release|x86.ActiveCfg = Release|Any CPU
		{A0C28FED-4C75-44D6-8861-8D1A8F0C2773}.Release|x86.Build.0 = Release|Any CPU
		{9D1B4B61-9F39-4E58-AE35-F69A5DB2FE2D}.Debug|Any CPU.ActiveCfg = Debug|Any CPU
		{9D1B4B61-9F39-4E58-AE35-F69A5DB2FE2D}.Debug|Any CPU.Build.0 = Debug|Any CPU
		{9D1B4B61-9F39-4E58-AE35-F69A5DB2FE2D}.Debug|x64.ActiveCfg = Debug|Any CPU
		{9D1B4B61-9F39-4E58-AE35-F69A5DB2FE2D}.Debug|x64.Build.0 = Debug|Any CPU
		{9D1B4B61-9F39-4E58-AE35-F69A5DB2FE2D}.Debug|x86.ActiveCfg = Debug|Any CPU
		{9D1B4B61-9F39-4E58-AE35-F69A5DB2FE2D}.Debug|x86.Build.0 = Debug|Any CPU
		{9D1B4B61-9F39-4E58-AE35-F69A5DB2FE2D}.Release|Any CPU.ActiveCfg = Release|Any CPU
		{9D1B4B61-9F39-4E58-AE35-F69A5DB2FE2D}.Release|Any CPU.Build.0 = Release|Any CPU
		{9D1B4B61-9F39-4E58-AE35-F69A5DB2FE2D}.Release|x64.ActiveCfg = Release|Any CPU
		{9D1B4B61-9F39-4E58-AE35-F69A5DB2FE2D}.Release|x64.Build.0 = Release|Any CPU
		{9D1B4B61-9F39-4E58-AE35-F69A5DB2FE2D}.Release|x86.ActiveCfg = Release|Any CPU
		{9D1B4B61-9F39-4E58-AE35-F69A5DB2FE2D}.Release|x86.Build.0 = Release|Any CPU
	EndGlobalSection
	GlobalSection(SolutionProperties) = preSolution
		HideSolutionNode = FALSE
	EndGlobalSection
	GlobalSection(NestedProjects) = preSolution
		{61C196D1-EDE3-46FD-9F0A-5C6E0C08E55A} = {1208F8DE-1BC7-4F46-8097-0552AA76C3C0}
		{A0C28FED-4C75-44D6-8861-8D1A8F0C2773} = {891E5F5E-17A0-4948-AA9D-8B24B55E11AB}
		{9D1B4B61-9F39-4E58-AE35-F69A5DB2FE2D} = {5B7D9F0E-B0D1-4158-A188-7D4C86504094}
	EndGlobalSection
	GlobalSection(ExtensibilityGlobals) = postSolution
		SolutionGuid = {A214A4BC-ECD0-490C-A5AE-0E710CA3E274}
	EndGlobalSection
EndGlobal
