
Microsoft Visual Studio Solution File, Format Version 12.00
# Visual Studio 15
VisualStudioVersion = 15.0.26124.0
MinimumVisualStudioVersion = 15.0.26124.0
Project("{2150E333-8FDC-42A3-9474-1A3956D46DE8}") = "domain", "domain", "{1208F8DE-1BC7-4F46-8097-0552AA76C3C0}"
EndProject
Project("{FAE04EC0-301F-11D3-BF4B-00C04F79EFBC}") = "UCar", "domain\UCar\UCar.csproj", "{61C196D1-EDE3-46FD-9F0A-5C6E0C08E55A}"
EndProject
Global
	GlobalSection(SolutionConfigurationPlatforms) = preSolution
		Debug|Any CPU = Debug|Any CPU
		Debug|x64 = Debug|x64
		Debug|x86 = Debug|x86
		Release|Any CPU = Release|Any CPU
		Release|x64 = Release|x64
		Release|x86 = Release|x86
	EndGlobalSection
	GlobalSection(SolutionProperties) = preSolution
		HideSolutionNode = FALSE
	EndGlobalSection
	GlobalSection(ProjectConfigurationPlatforms) = postSolution
		{61C196D1-EDE3-46FD-9F0A-5C6E0C08E55A}.Debug|Any CPU.ActiveCfg = Debug|Any CPU
		{61C196D1-EDE3-46FD-9F0A-5C6E0C08E55A}.Debug|Any CPU.Build.0 = Debug|Any CPU
		{61C196D1-EDE3-46FD-9F0A-5C6E0C08E55A}.Debug|x64.ActiveCfg = Debug|Any CPU
		{61C196D1-EDE3-46FD-9F0A-5C6E0C08E55A}.Debug|x64.Build.0 = Debug|Any CPU
		{61C196D1-EDE3-46FD-9F0A-5C6E0C08E55A}.Debug|x86.ActiveCfg = Debug|Any CPU
		{61C196D1-EDE3-46FD-9F0A-5C6E0C08E55A}.Debug|x86.Build.0 = Debug|Any CPU
		{61C196D1-EDE3-46FD-9F0A-5C6E0C08E55A}.Release|Any CPU.ActiveCfg = Release|Any CPU
		{61C196D1-EDE3-46FD-9F0A-5C6E0C08E55A}.Release|Any CPU.Build.0 = Release|Any CPU
		{61C196D1-EDE3-46FD-9F0A-5C6E0C08E55A}.Release|x64.ActiveCfg = Release|Any CPU
		{61C196D1-EDE3-46FD-9F0A-5C6E0C08E55A}.Release|x64.Build.0 = Release|Any CPU
		{61C196D1-EDE3-46FD-9F0A-5C6E0C08E55A}.Release|x86.ActiveCfg = Release|Any CPU
		{61C196D1-EDE3-46FD-9F0A-5C6E0C08E55A}.Release|x86.Build.0 = Release|Any CPU
	EndGlobalSection
	GlobalSection(NestedProjects) = preSolution
		{61C196D1-EDE3-46FD-9F0A-5C6E0C08E55A} = {1208F8DE-1BC7-4F46-8097-0552AA76C3C0}
	EndGlobalSection
EndGlobal
